
Microsoft Visual Studio Solution File, Format Version 12.00
# Visual Studio Version 17
VisualStudioVersion = 17.9.34616.47
MinimumVisualStudioVersion = 10.0.40219.1
Project("{9A19103F-16F7-4668-BE54-9A1E7A4F7556}") = "LiveFootball.Server", "LiveFootball.Server\LiveFootball.Server.csproj", "{9C7637BA-EB1C-4BA0-B071-17DE8BA02C57}"
EndProject
Project("{54A90642-561A-4BB1-A94E-469ADEE60C69}") = "livefootball.client", "livefootball.client\livefootball.client.esproj", "{A91E91B9-5C0D-49B8-9791-6602596E16E5}"
EndProject
Project("{9A19103F-16F7-4668-BE54-9A1E7A4F7556}") = "LiveFootball.Application", "LiveFootball.Application\LiveFootball.Application.csproj", "{6C775FC5-D6F8-4320-B042-29C119AB2DA2}"
EndProject
Project("{9A19103F-16F7-4668-BE54-9A1E7A4F7556}") = "SbOdSharp", "SbOdSharp\SbOdSharp.csproj", "{5EA406E4-0269-4C85-903A-D92CC45605EA}"
EndProject
Global
	GlobalSection(SolutionConfigurationPlatforms) = preSolution
		Debug|Any CPU = Debug|Any CPU
		Release|Any CPU = Release|Any CPU
	EndGlobalSection
	GlobalSection(ProjectConfigurationPlatforms) = postSolution
		{9C7637BA-EB1C-4BA0-B071-17DE8BA02C57}.Debug|Any CPU.ActiveCfg = Debug|Any CPU
		{9C7637BA-EB1C-4BA0-B071-17DE8BA02C57}.Debug|Any CPU.Build.0 = Debug|Any CPU
		{9C7637BA-EB1C-4BA0-B071-17DE8BA02C57}.Release|Any CPU.ActiveCfg = Release|Any CPU
		{9C7637BA-EB1C-4BA0-B071-17DE8BA02C57}.Release|Any CPU.Build.0 = Release|Any CPU
		{A91E91B9-5C0D-49B8-9791-6602596E16E5}.Debug|Any CPU.ActiveCfg = Debug|Any CPU
		{A91E91B9-5C0D-49B8-9791-6602596E16E5}.Debug|Any CPU.Build.0 = Debug|Any CPU
		{A91E91B9-5C0D-49B8-9791-6602596E16E5}.Debug|Any CPU.Deploy.0 = Debug|Any CPU
		{A91E91B9-5C0D-49B8-9791-6602596E16E5}.Release|Any CPU.ActiveCfg = Release|Any CPU
		{A91E91B9-5C0D-49B8-9791-6602596E16E5}.Release|Any CPU.Build.0 = Release|Any CPU
		{A91E91B9-5C0D-49B8-9791-6602596E16E5}.Release|Any CPU.Deploy.0 = Release|Any CPU
		{6C775FC5-D6F8-4320-B042-29C119AB2DA2}.Debug|Any CPU.ActiveCfg = Debug|Any CPU
		{6C775FC5-D6F8-4320-B042-29C119AB2DA2}.Debug|Any CPU.Build.0 = Debug|Any CPU
		{6C775FC5-D6F8-4320-B042-29C119AB2DA2}.Release|Any CPU.ActiveCfg = Release|Any CPU
		{6C775FC5-D6F8-4320-B042-29C119AB2DA2}.Release|Any CPU.Build.0 = Release|Any CPU
		{5EA406E4-0269-4C85-903A-D92CC45605EA}.Debug|Any CPU.ActiveCfg = Debug|Any CPU
		{5EA406E4-0269-4C85-903A-D92CC45605EA}.Debug|Any CPU.Build.0 = Debug|Any CPU
		{5EA406E4-0269-4C85-903A-D92CC45605EA}.Release|Any CPU.ActiveCfg = Release|Any CPU
		{5EA406E4-0269-4C85-903A-D92CC45605EA}.Release|Any CPU.Build.0 = Release|Any CPU
	EndGlobalSection
	GlobalSection(SolutionProperties) = preSolution
		HideSolutionNode = FALSE
	EndGlobalSection
	GlobalSection(ExtensibilityGlobals) = postSolution
		SolutionGuid = {C8092F7C-8777-4CCC-9276-A87137AE5AF6}
	EndGlobalSection
EndGlobal
